
Microsoft Visual Studio Solution File, Format Version 12.00
# Visual Studio Version 17
VisualStudioVersion = 17.11.35327.3
MinimumVisualStudioVersion = 10.0.40219.1
Project("{FAE04EC0-301F-11D3-BF4B-00C04F79EFBC}") = "OperatingSystem", "OperatingSystem\OperatingSystem.csproj", "{A3E5FEBC-60A5-4C42-874A-0830A813C7F9}"
EndProject
Global
	GlobalSection(SolutionConfigurationPlatforms) = preSolution
		Debug|Any CPU = Debug|Any CPU
		Release|Any CPU = Release|Any CPU
	EndGlobalSection
	GlobalSection(ProjectConfigurationPlatforms) = postSolution
		{A3E5FEBC-60A5-4C42-874A-0830A813C7F9}.Debug|Any CPU.ActiveCfg = Debug|Any CPU
		{A3E5FEBC-60A5-4C42-874A-0830A813C7F9}.Debug|Any CPU.Build.0 = Debug|Any CPU
		{A3E5FEBC-60A5-4C42-874A-0830A813C7F9}.Release|Any CPU.ActiveCfg = Release|Any CPU
		{A3E5FEBC-60A5-4C42-874A-0830A813C7F9}.Release|Any CPU.Build.0 = Release|Any CPU
	EndGlobalSection
	GlobalSection(SolutionProperties) = preSolution
		HideSolutionNode = FALSE
	EndGlobalSection
	GlobalSection(ExtensibilityGlobals) = postSolution
		SolutionGuid = {0C5CE0A7-AF28-4745-A8DF-95F0A848E0FA}
	EndGlobalSection
EndGlobal
